
Microsoft Visual Studio Solution File, Format Version 11.00
# Visual Studio 2010
Project("{FAE04EC0-301F-11D3-BF4B-00C04F79EFBC}") = "SlackEvePing-Webservice", "SlackEvePing-Webservice.csproj", "{38372478-E4CD-43D4-AAC6-F85830CC7CEC}"
EndProject
Project("{FAE04EC0-301F-11D3-BF4B-00C04F79EFBC}") = "SlackEvePingPlugin", "..\SlackEvePingPlugin\SlackEvePingPlugin.csproj", "{250C9742-A85F-42FA-940C-C83B91171E55}"
EndProject
Project("{2150E333-8FDC-42A3-9474-1A3956D46DE8}") = "Solution Items", "Solution Items", "{ED9F5B27-87C5-4787-B220-687A0732C28A}"
EndProject
Global
	GlobalSection(SolutionConfigurationPlatforms) = preSolution
		Debug|Any CPU = Debug|Any CPU
		Release|Any CPU = Release|Any CPU
	EndGlobalSection
	GlobalSection(ProjectConfigurationPlatforms) = postSolution
		{38372478-E4CD-43D4-AAC6-F85830CC7CEC}.Debug|Any CPU.ActiveCfg = Debug|Any CPU
		{38372478-E4CD-43D4-AAC6-F85830CC7CEC}.Debug|Any CPU.Build.0 = Debug|Any CPU
		{38372478-E4CD-43D4-AAC6-F85830CC7CEC}.Release|Any CPU.ActiveCfg = Release|Any CPU
		{38372478-E4CD-43D4-AAC6-F85830CC7CEC}.Release|Any CPU.Build.0 = Release|Any CPU
		{250C9742-A85F-42FA-940C-C83B91171E55}.Debug|Any CPU.ActiveCfg = Debug|Any CPU
		{250C9742-A85F-42FA-940C-C83B91171E55}.Debug|Any CPU.Build.0 = Debug|Any CPU
		{250C9742-A85F-42FA-940C-C83B91171E55}.Release|Any CPU.ActiveCfg = Release|Any CPU
		{250C9742-A85F-42FA-940C-C83B91171E55}.Release|Any CPU.Build.0 = Release|Any CPU
	EndGlobalSection
	GlobalSection(SolutionProperties) = preSolution
		HideSolutionNode = FALSE
	EndGlobalSection
EndGlobal
